{
  "name": "autocomplete-clang",
  "version": "0.12.0",
  "lockfileVersion": 1,
  "requires": true,
  "dependencies": {
    "atom-select-list": {
      "version": "0.7.2",
      "resolved": "https://registry.npmjs.org/atom-select-list/-/atom-select-list-0.7.2.tgz",
      "integrity": "sha512-a707OB1DhLGjzqtFrtMQKH7BBxFuCh8UBoUWxgFOrLrSwVh3g+/TlVPVDOz12+U0mDu3mIrnYLqQyhywQOTxhw==",
      "requires": {
        "etch": "^0.12.6",
        "fuzzaldrin": "^2.1.0"
      }
    },
    "clang-flags": {
      "version": "0.2.2",
      "resolved": "https://registry.npmjs.org/clang-flags/-/clang-flags-0.2.2.tgz",
      "integrity": "sha1-3zAKNeEA/+wqXdUxKR42XdDScTs="
    },
    "etch": {
      "version": "0.12.8",
      "resolved": "https://registry.npmjs.org/etch/-/etch-0.12.8.tgz",
      "integrity": "sha512-dFLRe4wLroVtwzyy1vGlE3BSDZHiL0kZME5XgNGzZIULcYTvVno8vbiIleAesoKJmwWaxDTzG+4eppg2zk14JQ=="
    },
    "fuzzaldrin": {
      "version": "2.1.0",
      "resolved": "https://registry.npmjs.org/fuzzaldrin/-/fuzzaldrin-2.1.0.tgz",
      "integrity": "sha1-kCBMPi/appQbso0WZF1BgGOpDps="
    },
    "uuid": {
      "version": "3.3.2",
      "resolved": "https://registry.npmjs.org/uuid/-/uuid-3.3.2.tgz",
      "integrity": "sha512-yXJmeNaw3DnnKAOKJE51sL/ZaYfWJRl1pK9dr19YFCu0ObS231AB1/LbqTKRAQ5kw8A90rA6fr4riOUpTZvQZA=="
    }
  }
}
